
Microsoft Visual Studio Solution File, Format Version 12.00
# Visual Studio 2013
VisualStudioVersion = 12.0.31101.0
MinimumVisualStudioVersion = 10.0.40219.1
Project("{FAE04EC0-301F-11D3-BF4B-00C04F79EFBC}") = "HackCS.Server", "server\HackCS.Server.csproj", "{601D5ED5-20D8-4157-B269-7E07C9DC0FD7}"
EndProject
Project("{FAE04EC0-301F-11D3-BF4B-00C04F79EFBC}") = "HackCS.Core", "core\HackCS.Core.csproj", "{D8DB0FDB-6D03-4449-8F12-66225084231A}"
EndProject
Project("{FAE04EC0-301F-11D3-BF4B-00C04F79EFBC}") = "HackCS.Client", "client\HackCS.Client.csproj", "{E510EB6F-489F-4E71-81C7-DC345994B36B}"
EndProject
Global
	GlobalSection(SolutionConfigurationPlatforms) = preSolution
		Debug|Any CPU = Debug|Any CPU
		Release|Any CPU = Release|Any CPU
	EndGlobalSection
	GlobalSection(ProjectConfigurationPlatforms) = postSolution
		{601D5ED5-20D8-4157-B269-7E07C9DC0FD7}.Debug|Any CPU.ActiveCfg = Debug|Any CPU
		{601D5ED5-20D8-4157-B269-7E07C9DC0FD7}.Debug|Any CPU.Build.0 = Debug|Any CPU
		{601D5ED5-20D8-4157-B269-7E07C9DC0FD7}.Release|Any CPU.ActiveCfg = Release|Any CPU
		{601D5ED5-20D8-4157-B269-7E07C9DC0FD7}.Release|Any CPU.Build.0 = Release|Any CPU
		{D8DB0FDB-6D03-4449-8F12-66225084231A}.Debug|Any CPU.ActiveCfg = Debug|Any CPU
		{D8DB0FDB-6D03-4449-8F12-66225084231A}.Debug|Any CPU.Build.0 = Debug|Any CPU
		{D8DB0FDB-6D03-4449-8F12-66225084231A}.Release|Any CPU.ActiveCfg = Release|Any CPU
		{D8DB0FDB-6D03-4449-8F12-66225084231A}.Release|Any CPU.Build.0 = Release|Any CPU
		{E510EB6F-489F-4E71-81C7-DC345994B36B}.Debug|Any CPU.ActiveCfg = Debug|Any CPU
		{E510EB6F-489F-4E71-81C7-DC345994B36B}.Debug|Any CPU.Build.0 = Debug|Any CPU
		{E510EB6F-489F-4E71-81C7-DC345994B36B}.Release|Any CPU.ActiveCfg = Release|Any CPU
		{E510EB6F-489F-4E71-81C7-DC345994B36B}.Release|Any CPU.Build.0 = Release|Any CPU
	EndGlobalSection
	GlobalSection(SolutionProperties) = preSolution
		HideSolutionNode = FALSE
	EndGlobalSection
EndGlobal
